
Microsoft Visual Studio Solution File, Format Version 12.00
# Visual Studio Version 16
VisualStudioVersion = 16.0.32428.217
MinimumVisualStudioVersion = 10.0.40219.1
Project("{9A19103F-16F7-4668-BE54-9A1E7A4F7556}") = "3PsProj", "3PsProj\3PsProj.csproj", "{51909A5F-5BF6-4EC7-8454-24A87ECA9625}"
EndProject
Project("{2150E333-8FDC-42A3-9474-1A3956D46DE8}") = "Solution Items", "Solution Items", "{5D8F2374-5794-4B79-9B6C-A3A4FA0802CE}"
	ProjectSection(SolutionItems) = preProject
		.editorconfig = .editorconfig
	EndProjectSection
EndProject
Global
	GlobalSection(SolutionConfigurationPlatforms) = preSolution
		Debug|Any CPU = Debug|Any CPU
		Release|Any CPU = Release|Any CPU
	EndGlobalSection
	GlobalSection(ProjectConfigurationPlatforms) = postSolution
		{51909A5F-5BF6-4EC7-8454-24A87ECA9625}.Debug|Any CPU.ActiveCfg = Debug|Any CPU
		{51909A5F-5BF6-4EC7-8454-24A87ECA9625}.Debug|Any CPU.Build.0 = Debug|Any CPU
		{51909A5F-5BF6-4EC7-8454-24A87ECA9625}.Release|Any CPU.ActiveCfg = Release|Any CPU
		{51909A5F-5BF6-4EC7-8454-24A87ECA9625}.Release|Any CPU.Build.0 = Release|Any CPU
	EndGlobalSection
	GlobalSection(SolutionProperties) = preSolution
		HideSolutionNode = FALSE
	EndGlobalSection
	GlobalSection(ExtensibilityGlobals) = postSolution
		SolutionGuid = {84D50ECE-5D8E-413B-A3CF-691082804AA1}
	EndGlobalSection
EndGlobal
